// !$*UTF8*$!
{
	archiveVersion = 1;
	classes = {
	};
	objectVersion = 77;
	objects = {

/* Begin PBXBuildFile section */
		C299A0032E8D0ABB005BA310 /* ContentView.swift in Sources */ = {isa = PBXBuildFile; fileRef = C299A0002E8D0ABB005BA310 /* ContentView.swift */; };
		C299A0042E8D0ABB005BA310 /* ToDo_VIPERApp.swift in Sources */ = {isa = PBXBuildFile; fileRef = C299A0012E8D0ABB005BA310 /* ToDo_VIPERApp.swift */; };
		C299A0052E8D0ABB005BA310 /* Assets.xcassets in Resources */ = {isa = PBXBuildFile; fileRef = C2999FFF2E8D0ABB005BA310 /* Assets.xcassets */; };
		C299A0082E8D0ACD005BA310 /* ToDo_VIPERTests.swift in Sources */ = {isa = PBXBuildFile; fileRef = C299A0062E8D0ACD005BA310 /* ToDo_VIPERTests.swift */; };
		C299A00C2E8D0AD2005BA310 /* ToDo_VIPERUITests.swift in Sources */ = {isa = PBXBuildFile; fileRef = C299A0092E8D0AD2005BA310 /* ToDo_VIPERUITests.swift */; };
		C299A00D2E8D0AD2005BA310 /* ToDo_VIPERUITestsLaunchTests.swift in Sources */ = {isa = PBXBuildFile; fileRef = C299A00A2E8D0AD2005BA310 /* ToDo_VIPERUITestsLaunchTests.swift */; };
		C299A0172E8D0E1F005BA310 /* SF-Pro.ttf in Resources */ = {isa = PBXBuildFile; fileRef = C299A0162E8D0E1F005BA310 /* SF-Pro.ttf */; };
		C299A0192E8D0E24005BA310 /* SFProText.ttf in Resources */ = {isa = PBXBuildFile; fileRef = C299A0182E8D0E24005BA310 /* SFProText.ttf */; };
		C299A01B2E8D0E72005BA310 /* Colors.xcassets in Resources */ = {isa = PBXBuildFile; fileRef = C299A01A2E8D0E72005BA310 /* Colors.xcassets */; };
		C299A01D2E8D0F02005BA310 /* Theme.swift in Sources */ = {isa = PBXBuildFile; fileRef = C299A01C2E8D0F02005BA310 /* Theme.swift */; };
		C299A01F2E8D1894005BA310 /* ToDo.swift in Sources */ = {isa = PBXBuildFile; fileRef = C299A01E2E8D1894005BA310 /* ToDo.swift */; };
/* End PBXBuildFile section */

/* Begin PBXContainerItemProxy section */
		C2999FE32E8D0AAD005BA310 /* PBXContainerItemProxy */ = {
			isa = PBXContainerItemProxy;
			containerPortal = C2999FCD2E8D0AA8005BA310 /* Project object */;
			proxyType = 1;
			remoteGlobalIDString = C2999FD42E8D0AA8005BA310;
			remoteInfo = ToDo_VIPER;
		};
		C2999FED2E8D0AAD005BA310 /* PBXContainerItemProxy */ = {
			isa = PBXContainerItemProxy;
			containerPortal = C2999FCD2E8D0AA8005BA310 /* Project object */;
			proxyType = 1;
			remoteGlobalIDString = C2999FD42E8D0AA8005BA310;
			remoteInfo = ToDo_VIPER;
		};
/* End PBXContainerItemProxy section */

/* Begin PBXFileReference section */
		C2999FD52E8D0AA8005BA310 /* ToDo_VIPER.app */ = {isa = PBXFileReference; explicitFileType = wrapper.application; includeInIndex = 0; path = ToDo_VIPER.app; sourceTree = BUILT_PRODUCTS_DIR; };
		C2999FE22E8D0AAD005BA310 /* ToDo_VIPERTests.xctest */ = {isa = PBXFileReference; explicitFileType = wrapper.cfbundle; includeInIndex = 0; path = ToDo_VIPERTests.xctest; sourceTree = BUILT_PRODUCTS_DIR; };
		C2999FEC2E8D0AAD005BA310 /* ToDo_VIPERUITests.xctest */ = {isa = PBXFileReference; explicitFileType = wrapper.cfbundle; includeInIndex = 0; path = ToDo_VIPERUITests.xctest; sourceTree = BUILT_PRODUCTS_DIR; };
		C2999FFF2E8D0ABB005BA310 /* Assets.xcassets */ = {isa = PBXFileReference; lastKnownFileType = folder.assetcatalog; path = Assets.xcassets; sourceTree = "<group>"; };
		C299A0002E8D0ABB005BA310 /* ContentView.swift */ = {isa = PBXFileReference; lastKnownFileType = sourcecode.swift; path = ContentView.swift; sourceTree = "<group>"; };
		C299A0012E8D0ABB005BA310 /* ToDo_VIPERApp.swift */ = {isa = PBXFileReference; lastKnownFileType = sourcecode.swift; path = ToDo_VIPERApp.swift; sourceTree = "<group>"; };
		C299A0062E8D0ACD005BA310 /* ToDo_VIPERTests.swift */ = {isa = PBXFileReference; lastKnownFileType = sourcecode.swift; path = ToDo_VIPERTests.swift; sourceTree = "<group>"; };
		C299A0092E8D0AD2005BA310 /* ToDo_VIPERUITests.swift */ = {isa = PBXFileReference; lastKnownFileType = sourcecode.swift; path = ToDo_VIPERUITests.swift; sourceTree = "<group>"; };
		C299A00A2E8D0AD2005BA310 /* ToDo_VIPERUITestsLaunchTests.swift */ = {isa = PBXFileReference; lastKnownFileType = sourcecode.swift; path = ToDo_VIPERUITestsLaunchTests.swift; sourceTree = "<group>"; };
		C299A0162E8D0E1F005BA310 /* SF-Pro.ttf */ = {isa = PBXFileReference; lastKnownFileType = file; path = "SF-Pro.ttf"; sourceTree = "<group>"; };
		C299A0182E8D0E24005BA310 /* SFProText.ttf */ = {isa = PBXFileReference; lastKnownFileType = file; path = SFProText.ttf; sourceTree = "<group>"; };
		C299A01A2E8D0E72005BA310 /* Colors.xcassets */ = {isa = PBXFileReference; lastKnownFileType = folder.assetcatalog; path = Colors.xcassets; sourceTree = "<group>"; };
		C299A01C2E8D0F02005BA310 /* Theme.swift */ = {isa = PBXFileReference; lastKnownFileType = sourcecode.swift; path = Theme.swift; sourceTree = "<group>"; };
		C299A01E2E8D1894005BA310 /* ToDo.swift */ = {isa = PBXFileReference; lastKnownFileType = sourcecode.swift; path = ToDo.swift; sourceTree = "<group>"; };
/* End PBXFileReference section */

/* Begin PBXFrameworksBuildPhase section */
		C2999FD22E8D0AA8005BA310 /* Frameworks */ = {
			isa = PBXFrameworksBuildPhase;
			buildActionMask = 2147483647;
			files = (
			);
			runOnlyForDeploymentPostprocessing = 0;
		};
		C2999FDF2E8D0AAD005BA310 /* Frameworks */ = {
			isa = PBXFrameworksBuildPhase;
			buildActionMask = 2147483647;
			files = (
			);
			runOnlyForDeploymentPostprocessing = 0;
		};
		C2999FE92E8D0AAD005BA310 /* Frameworks */ = {
			isa = PBXFrameworksBuildPhase;
			buildActionMask = 2147483647;
			files = (
			);
			runOnlyForDeploymentPostprocessing = 0;
		};
/* End PBXFrameworksBuildPhase section */

/* Begin PBXGroup section */
		C2999FCC2E8D0AA8005BA310 = {
			isa = PBXGroup;
			children = (
				C299A0022E8D0ABB005BA310 /* ToDo_VIPER */,
				C299A0142E8D0C8A005BA310 /* TestData */,
				C299A0072E8D0ACD005BA310 /* ToDo_VIPERTests */,
				C299A00B2E8D0AD2005BA310 /* ToDo_VIPERUITests */,
				C2999FD62E8D0AA8005BA310 /* Products */,
			);
			sourceTree = "<group>";
		};
		C2999FD62E8D0AA8005BA310 /* Products */ = {
			isa = PBXGroup;
			children = (
				C2999FD52E8D0AA8005BA310 /* ToDo_VIPER.app */,
				C2999FE22E8D0AAD005BA310 /* ToDo_VIPERTests.xctest */,
				C2999FEC2E8D0AAD005BA310 /* ToDo_VIPERUITests.xctest */,
			);
			name = Products;
			sourceTree = "<group>";
		};
		C299A0022E8D0ABB005BA310 /* ToDo_VIPER */ = {
			isa = PBXGroup;
			children = (
				C299A00E2E8D0B31005BA310 /* ToDoListModule */,
				C299A00F2E8D0B49005BA310 /* TodoDetail+EditModule */,
				C299A0102E8D0BC6005BA310 /* Views */,
				C299A0112E8D0BD9005BA310 /* Entities */,
				C299A0122E8D0BF4005BA310 /* DataProvider */,
				C299A0132E8D0C2F005BA310 /* Resources */,
				C2999FFF2E8D0ABB005BA310 /* Assets.xcassets */,
				C299A0002E8D0ABB005BA310 /* ContentView.swift */,
				C299A0012E8D0ABB005BA310 /* ToDo_VIPERApp.swift */,
			);
			path = ToDo_VIPER;
			sourceTree = "<group>";
		};
		C299A0072E8D0ACD005BA310 /* ToDo_VIPERTests */ = {
			isa = PBXGroup;
			children = (
				C299A0062E8D0ACD005BA310 /* ToDo_VIPERTests.swift */,
			);
			path = ToDo_VIPERTests;
			sourceTree = "<group>";
		};
		C299A00B2E8D0AD2005BA310 /* ToDo_VIPERUITests */ = {
			isa = PBXGroup;
			children = (
				C299A0092E8D0AD2005BA310 /* ToDo_VIPERUITests.swift */,
				C299A00A2E8D0AD2005BA310 /* ToDo_VIPERUITestsLaunchTests.swift */,
			);
			path = ToDo_VIPERUITests;
			sourceTree = "<group>";
		};
		C299A00E2E8D0B31005BA310 /* ToDoListModule */ = {
			isa = PBXGroup;
			children = (
			);
			path = ToDoListModule;
			sourceTree = "<group>";
		};
		C299A00F2E8D0B49005BA310 /* TodoDetail+EditModule */ = {
			isa = PBXGroup;
			children = (
			);
			path = "TodoDetail+EditModule";
			sourceTree = "<group>";
		};
		C299A0102E8D0BC6005BA310 /* Views */ = {
			isa = PBXGroup;
			children = (
			);
			path = Views;
			sourceTree = "<group>";
		};
		C299A0112E8D0BD9005BA310 /* Entities */ = {
			isa = PBXGroup;
			children = (
				C299A01E2E8D1894005BA310 /* ToDo.swift */,
			);
			path = Entities;
			sourceTree = "<group>";
		};
		C299A0122E8D0BF4005BA310 /* DataProvider */ = {
			isa = PBXGroup;
			children = (
			);
			path = DataProvider;
			sourceTree = "<group>";
		};
		C299A0132E8D0C2F005BA310 /* Resources */ = {
			isa = PBXGroup;
			children = (
				C299A0152E8D0CF5005BA310 /* Theme */,
			);
			path = Resources;
			sourceTree = "<group>";
		};
		C299A0142E8D0C8A005BA310 /* TestData */ = {
			isa = PBXGroup;
			children = (
			);
			path = TestData;
			sourceTree = "<group>";
		};
		C299A0152E8D0CF5005BA310 /* Theme */ = {
			isa = PBXGroup;
			children = (
				C299A0162E8D0E1F005BA310 /* SF-Pro.ttf */,
				C299A0182E8D0E24005BA310 /* SFProText.ttf */,
				C299A01A2E8D0E72005BA310 /* Colors.xcassets */,
				C299A01C2E8D0F02005BA310 /* Theme.swift */,
			);
			path = Theme;
			sourceTree = "<group>";
		};
/* End PBXGroup section */

/* Begin PBXNativeTarget section */
		C2999FD42E8D0AA8005BA310 /* ToDo_VIPER */ = {
			isa = PBXNativeTarget;
			buildConfigurationList = C2999FF62E8D0AAD005BA310 /* Build configuration list for PBXNativeTarget "ToDo_VIPER" */;
			buildPhases = (
				C2999FD12E8D0AA8005BA310 /* Sources */,
				C2999FD22E8D0AA8005BA310 /* Frameworks */,
				C2999FD32E8D0AA8005BA310 /* Resources */,
			);
			buildRules = (
			);
			dependencies = (
			);
			name = ToDo_VIPER;
			packageProductDependencies = (
			);
			productName = ToDo_VIPER;
			productReference = C2999FD52E8D0AA8005BA310 /* ToDo_VIPER.app */;
			productType = "com.apple.product-type.application";
		};
		C2999FE12E8D0AAD005BA310 /* ToDo_VIPERTests */ = {
			isa = PBXNativeTarget;
			buildConfigurationList = C2999FF92E8D0AAD005BA310 /* Build configuration list for PBXNativeTarget "ToDo_VIPERTests" */;
			buildPhases = (
				C2999FDE2E8D0AAD005BA310 /* Sources */,
				C2999FDF2E8D0AAD005BA310 /* Frameworks */,
				C2999FE02E8D0AAD005BA310 /* Resources */,
			);
			buildRules = (
			);
			dependencies = (
				C2999FE42E8D0AAD005BA310 /* PBXTargetDependency */,
			);
			name = ToDo_VIPERTests;
			packageProductDependencies = (
			);
			productName = ToDo_VIPERTests;
			productReference = C2999FE22E8D0AAD005BA310 /* ToDo_VIPERTests.xctest */;
			productType = "com.apple.product-type.bundle.unit-test";
		};
		C2999FEB2E8D0AAD005BA310 /* ToDo_VIPERUITests */ = {
			isa = PBXNativeTarget;
			buildConfigurationList = C2999FFC2E8D0AAD005BA310 /* Build configuration list for PBXNativeTarget "ToDo_VIPERUITests" */;
			buildPhases = (
				C2999FE82E8D0AAD005BA310 /* Sources */,
				C2999FE92E8D0AAD005BA310 /* Frameworks */,
				C2999FEA2E8D0AAD005BA310 /* Resources */,
			);
			buildRules = (
			);
			dependencies = (
				C2999FEE2E8D0AAD005BA310 /* PBXTargetDependency */,
			);
			name = ToDo_VIPERUITests;
			packageProductDependencies = (
			);
			productName = ToDo_VIPERUITests;
			productReference = C2999FEC2E8D0AAD005BA310 /* ToDo_VIPERUITests.xctest */;
			productType = "com.apple.product-type.bundle.ui-testing";
		};
/* End PBXNativeTarget section */

/* Begin PBXProject section */
		C2999FCD2E8D0AA8005BA310 /* Project object */ = {
			isa = PBXProject;
			attributes = {
				BuildIndependentTargetsInParallel = 1;
				LastSwiftUpdateCheck = 2600;
				LastUpgradeCheck = 2600;
				TargetAttributes = {
					C2999FD42E8D0AA8005BA310 = {
						CreatedOnToolsVersion = 26.0.1;
					};
					C2999FE12E8D0AAD005BA310 = {
						CreatedOnToolsVersion = 26.0.1;
						TestTargetID = C2999FD42E8D0AA8005BA310;
					};
					C2999FEB2E8D0AAD005BA310 = {
						CreatedOnToolsVersion = 26.0.1;
						TestTargetID = C2999FD42E8D0AA8005BA310;
					};
				};
			};
			buildConfigurationList = C2999FD02E8D0AA8005BA310 /* Build configuration list for PBXProject "ToDo_VIPER" */;
			developmentRegion = en;
			hasScannedForEncodings = 0;
			knownRegions = (
				en,
				Base,
			);
			mainGroup = C2999FCC2E8D0AA8005BA310;
			minimizedProjectReferenceProxies = 1;
			preferredProjectObjectVersion = 77;
			productRefGroup = C2999FD62E8D0AA8005BA310 /* Products */;
			projectDirPath = "";
			projectRoot = "";
			targets = (
				C2999FD42E8D0AA8005BA310 /* ToDo_VIPER */,
				C2999FE12E8D0AAD005BA310 /* ToDo_VIPERTests */,
				C2999FEB2E8D0AAD005BA310 /* ToDo_VIPERUITests */,
			);
		};
/* End PBXProject section */

/* Begin PBXResourcesBuildPhase section */
		C2999FD32E8D0AA8005BA310 /* Resources */ = {
			isa = PBXResourcesBuildPhase;
			buildActionMask = 2147483647;
			files = (
				C299A0192E8D0E24005BA310 /* SFProText.ttf in Resources */,
				C299A01B2E8D0E72005BA310 /* Colors.xcassets in Resources */,
				C299A0052E8D0ABB005BA310 /* Assets.xcassets in Resources */,
				C299A0172E8D0E1F005BA310 /* SF-Pro.ttf in Resources */,
			);
			runOnlyForDeploymentPostprocessing = 0;
		};
		C2999FE02E8D0AAD005BA310 /* Resources */ = {
			isa = PBXResourcesBuildPhase;
			buildActionMask = 2147483647;
			files = (
			);
			runOnlyForDeploymentPostprocessing = 0;
		};
		C2999FEA2E8D0AAD005BA310 /* Resources */ = {
			isa = PBXResourcesBuildPhase;
			buildActionMask = 2147483647;
			files = (
			);
			runOnlyForDeploymentPostprocessing = 0;
		};
/* End PBXResourcesBuildPhase section */

/* Begin PBXSourcesBuildPhase section */
		C2999FD12E8D0AA8005BA310 /* Sources */ = {
			isa = PBXSourcesBuildPhase;
			buildActionMask = 2147483647;
			files = (
				C299A01D2E8D0F02005BA310 /* Theme.swift in Sources */,
				C299A0032E8D0ABB005BA310 /* ContentView.swift in Sources */,
				C299A0042E8D0ABB005BA310 /* ToDo_VIPERApp.swift in Sources */,
				C299A01F2E8D1894005BA310 /* ToDo.swift in Sources */,
			);
			runOnlyForDeploymentPostprocessing = 0;
		};
		C2999FDE2E8D0AAD005BA310 /* Sources */ = {
			isa = PBXSourcesBuildPhase;
			buildActionMask = 2147483647;
			files = (
				C299A0082E8D0ACD005BA310 /* ToDo_VIPERTests.swift in Sources */,
			);
			runOnlyForDeploymentPostprocessing = 0;
		};
		C2999FE82E8D0AAD005BA310 /* Sources */ = {
			isa = PBXSourcesBuildPhase;
			buildActionMask = 2147483647;
			files = (
				C299A00C2E8D0AD2005BA310 /* ToDo_VIPERUITests.swift in Sources */,
				C299A00D2E8D0AD2005BA310 /* ToDo_VIPERUITestsLaunchTests.swift in Sources */,
			);
			runOnlyForDeploymentPostprocessing = 0;
		};
/* End PBXSourcesBuildPhase section */

/* Begin PBXTargetDependency section */
		C2999FE42E8D0AAD005BA310 /* PBXTargetDependency */ = {
			isa = PBXTargetDependency;
			target = C2999FD42E8D0AA8005BA310 /* ToDo_VIPER */;
			targetProxy = C2999FE32E8D0AAD005BA310 /* PBXContainerItemProxy */;
		};
		C2999FEE2E8D0AAD005BA310 /* PBXTargetDependency */ = {
			isa = PBXTargetDependency;
			target = C2999FD42E8D0AA8005BA310 /* ToDo_VIPER */;
			targetProxy = C2999FED2E8D0AAD005BA310 /* PBXContainerItemProxy */;
		};
/* End PBXTargetDependency section */

/* Begin XCBuildConfiguration section */
		C2999FF42E8D0AAD005BA310 /* Debug */ = {
			isa = XCBuildConfiguration;
			buildSettings = {
				ALWAYS_SEARCH_USER_PATHS = NO;
				ASSETCATALOG_COMPILER_GENERATE_SWIFT_ASSET_SYMBOL_EXTENSIONS = YES;
				CLANG_ANALYZER_NONNULL = YES;
				CLANG_ANALYZER_NUMBER_OBJECT_CONVERSION = YES_AGGRESSIVE;
				CLANG_CXX_LANGUAGE_STANDARD = "gnu++20";
				CLANG_ENABLE_MODULES = YES;
				CLANG_ENABLE_OBJC_ARC = YES;
				CLANG_ENABLE_OBJC_WEAK = YES;
				CLANG_WARN_BLOCK_CAPTURE_AUTORELEASING = YES;
				CLANG_WARN_BOOL_CONVERSION = YES;
				CLANG_WARN_COMMA = YES;
				CLANG_WARN_CONSTANT_CONVERSION = YES;
				CLANG_WARN_DEPRECATED_OBJC_IMPLEMENTATIONS = YES;
				CLANG_WARN_DIRECT_OBJC_ISA_USAGE = YES_ERROR;
				CLANG_WARN_DOCUMENTATION_COMMENTS = YES;
				CLANG_WARN_EMPTY_BODY = YES;
				CLANG_WARN_ENUM_CONVERSION = YES;
				CLANG_WARN_INFINITE_RECURSION = YES;
				CLANG_WARN_INT_CONVERSION = YES;
				CLANG_WARN_NON_LITERAL_NULL_CONVERSION = YES;
				CLANG_WARN_OBJC_IMPLICIT_RETAIN_SELF = YES;
				CLANG_WARN_OBJC_LITERAL_CONVERSION = YES;
				CLANG_WARN_OBJC_ROOT_CLASS = YES_ERROR;
				CLANG_WARN_QUOTED_INCLUDE_IN_FRAMEWORK_HEADER = YES;
				CLANG_WARN_RANGE_LOOP_ANALYSIS = YES;
				CLANG_WARN_STRICT_PROTOTYPES = YES;
				CLANG_WARN_SUSPICIOUS_MOVE = YES;
				CLANG_WARN_UNGUARDED_AVAILABILITY = YES_AGGRESSIVE;
				CLANG_WARN_UNREACHABLE_CODE = YES;
				CLANG_WARN__DUPLICATE_METHOD_MATCH = YES;
				COPY_PHASE_STRIP = NO;
				DEBUG_INFORMATION_FORMAT = dwarf;
				DEVELOPMENT_TEAM = C3M56A453W;
				ENABLE_STRICT_OBJC_MSGSEND = YES;
				ENABLE_TESTABILITY = YES;
				ENABLE_USER_SCRIPT_SANDBOXING = YES;
				GCC_C_LANGUAGE_STANDARD = gnu17;
				GCC_DYNAMIC_NO_PIC = NO;
				GCC_NO_COMMON_BLOCKS = YES;
				GCC_OPTIMIZATION_LEVEL = 0;
				GCC_PREPROCESSOR_DEFINITIONS = (
					"DEBUG=1",
					"$(inherited)",
				);
				GCC_WARN_64_TO_32_BIT_CONVERSION = YES;
				GCC_WARN_ABOUT_RETURN_TYPE = YES_ERROR;
				GCC_WARN_UNDECLARED_SELECTOR = YES;
				GCC_WARN_UNINITIALIZED_AUTOS = YES_AGGRESSIVE;
				GCC_WARN_UNUSED_FUNCTION = YES;
				GCC_WARN_UNUSED_VARIABLE = YES;
				IPHONEOS_DEPLOYMENT_TARGET = 26.0;
				LOCALIZATION_PREFERS_STRING_CATALOGS = YES;
				MTL_ENABLE_DEBUG_INFO = INCLUDE_SOURCE;
				MTL_FAST_MATH = YES;
				ONLY_ACTIVE_ARCH = YES;
				SDKROOT = iphoneos;
				SWIFT_ACTIVE_COMPILATION_CONDITIONS = "DEBUG $(inherited)";
				SWIFT_OPTIMIZATION_LEVEL = "-Onone";
			};
			name = Debug;
		};
		C2999FF52E8D0AAD005BA310 /* Release */ = {
			isa = XCBuildConfiguration;
			buildSettings = {
				ALWAYS_SEARCH_USER_PATHS = NO;
				ASSETCATALOG_COMPILER_GENERATE_SWIFT_ASSET_SYMBOL_EXTENSIONS = YES;
				CLANG_ANALYZER_NONNULL = YES;
				CLANG_ANALYZER_NUMBER_OBJECT_CONVERSION = YES_AGGRESSIVE;
				CLANG_CXX_LANGUAGE_STANDARD = "gnu++20";
				CLANG_ENABLE_MODULES = YES;
				CLANG_ENABLE_OBJC_ARC = YES;
				CLANG_ENABLE_OBJC_WEAK = YES;
				CLANG_WARN_BLOCK_CAPTURE_AUTORELEASING = YES;
				CLANG_WARN_BOOL_CONVERSION = YES;
				CLANG_WARN_COMMA = YES;
				CLANG_WARN_CONSTANT_CONVERSION = YES;
				CLANG_WARN_DEPRECATED_OBJC_IMPLEMENTATIONS = YES;
				CLANG_WARN_DIRECT_OBJC_ISA_USAGE = YES_ERROR;
				CLANG_WARN_DOCUMENTATION_COMMENTS = YES;
				CLANG_WARN_EMPTY_BODY = YES;
				CLANG_WARN_ENUM_CONVERSION = YES;
				CLANG_WARN_INFINITE_RECURSION = YES;
				CLANG_WARN_INT_CONVERSION = YES;
				CLANG_WARN_NON_LITERAL_NULL_CONVERSION = YES;
				CLANG_WARN_OBJC_IMPLICIT_RETAIN_SELF = YES;
				CLANG_WARN_OBJC_LITERAL_CONVERSION = YES;
				CLANG_WARN_OBJC_ROOT_CLASS = YES_ERROR;
				CLANG_WARN_QUOTED_INCLUDE_IN_FRAMEWORK_HEADER = YES;
				CLANG_WARN_RANGE_LOOP_ANALYSIS = YES;
				CLANG_WARN_STRICT_PROTOTYPES = YES;
				CLANG_WARN_SUSPICIOUS_MOVE = YES;
				CLANG_WARN_UNGUARDED_AVAILABILITY = YES_AGGRESSIVE;
				CLANG_WARN_UNREACHABLE_CODE = YES;
				CLANG_WARN__DUPLICATE_METHOD_MATCH = YES;
				COPY_PHASE_STRIP = NO;
				DEBUG_INFORMATION_FORMAT = "dwarf-with-dsym";
				DEVELOPMENT_TEAM = C3M56A453W;
				ENABLE_NS_ASSERTIONS = NO;
				ENABLE_STRICT_OBJC_MSGSEND = YES;
				ENABLE_USER_SCRIPT_SANDBOXING = YES;
				GCC_C_LANGUAGE_STANDARD = gnu17;
				GCC_NO_COMMON_BLOCKS = YES;
				GCC_WARN_64_TO_32_BIT_CONVERSION = YES;
				GCC_WARN_ABOUT_RETURN_TYPE = YES_ERROR;
				GCC_WARN_UNDECLARED_SELECTOR = YES;
				GCC_WARN_UNINITIALIZED_AUTOS = YES_AGGRESSIVE;
				GCC_WARN_UNUSED_FUNCTION = YES;
				GCC_WARN_UNUSED_VARIABLE = YES;
				IPHONEOS_DEPLOYMENT_TARGET = 26.0;
				LOCALIZATION_PREFERS_STRING_CATALOGS = YES;
				MTL_ENABLE_DEBUG_INFO = NO;
				MTL_FAST_MATH = YES;
				SDKROOT = iphoneos;
				SWIFT_COMPILATION_MODE = wholemodule;
				VALIDATE_PRODUCT = YES;
			};
			name = Release;
		};
		C2999FF72E8D0AAD005BA310 /* Debug */ = {
			isa = XCBuildConfiguration;
			buildSettings = {
				ASSETCATALOG_COMPILER_APPICON_NAME = AppIcon;
				ASSETCATALOG_COMPILER_GLOBAL_ACCENT_COLOR_NAME = AccentColor;
				CODE_SIGN_STYLE = Automatic;
				CURRENT_PROJECT_VERSION = 1;
				DEVELOPMENT_TEAM = C3M56A453W;
				ENABLE_PREVIEWS = YES;
				GENERATE_INFOPLIST_FILE = YES;
				INFOPLIST_KEY_UIApplicationSceneManifest_Generation = YES;
				INFOPLIST_KEY_UIApplicationSupportsIndirectInputEvents = YES;
				INFOPLIST_KEY_UILaunchScreen_Generation = YES;
				INFOPLIST_KEY_UISupportedInterfaceOrientations_iPad = "UIInterfaceOrientationPortrait UIInterfaceOrientationPortraitUpsideDown UIInterfaceOrientationLandscapeLeft UIInterfaceOrientationLandscapeRight";
				INFOPLIST_KEY_UISupportedInterfaceOrientations_iPhone = "UIInterfaceOrientationPortrait UIInterfaceOrientationLandscapeLeft UIInterfaceOrientationLandscapeRight";
				IPHONEOS_DEPLOYMENT_TARGET = 18.6;
				LD_RUNPATH_SEARCH_PATHS = (
					"$(inherited)",
					"@executable_path/Frameworks",
				);
				MARKETING_VERSION = 1.0;
				PRODUCT_BUNDLE_IDENTIFIER = "online.swampios.ToDo-VIPER";
				PRODUCT_NAME = "$(TARGET_NAME)";
				STRING_CATALOG_GENERATE_SYMBOLS = YES;
				SUPPORTED_PLATFORMS = "iphoneos iphonesimulator";
				SUPPORTS_MACCATALYST = NO;
				SUPPORTS_MAC_DESIGNED_FOR_IPHONE_IPAD = NO;
				SUPPORTS_XR_DESIGNED_FOR_IPHONE_IPAD = NO;
				SWIFT_APPROACHABLE_CONCURRENCY = YES;
				SWIFT_DEFAULT_ACTOR_ISOLATION = MainActor;
				SWIFT_EMIT_LOC_STRINGS = YES;
				SWIFT_UPCOMING_FEATURE_MEMBER_IMPORT_VISIBILITY = YES;
				SWIFT_VERSION = 5.0;
				TARGETED_DEVICE_FAMILY = 1;
			};
			name = Debug;
		};
		C2999FF82E8D0AAD005BA310 /* Release */ = {
			isa = XCBuildConfiguration;
			buildSettings = {
				ASSETCATALOG_COMPILER_APPICON_NAME = AppIcon;
				ASSETCATALOG_COMPILER_GLOBAL_ACCENT_COLOR_NAME = AccentColor;
				CODE_SIGN_STYLE = Automatic;
				CURRENT_PROJECT_VERSION = 1;
				DEVELOPMENT_TEAM = C3M56A453W;
				ENABLE_PREVIEWS = YES;
				GENERATE_INFOPLIST_FILE = YES;
				INFOPLIST_KEY_UIApplicationSceneManifest_Generation = YES;
				INFOPLIST_KEY_UIApplicationSupportsIndirectInputEvents = YES;
				INFOPLIST_KEY_UILaunchScreen_Generation = YES;
				INFOPLIST_KEY_UISupportedInterfaceOrientations_iPad = "UIInterfaceOrientationPortrait UIInterfaceOrientationPortraitUpsideDown UIInterfaceOrientationLandscapeLeft UIInterfaceOrientationLandscapeRight";
				INFOPLIST_KEY_UISupportedInterfaceOrientations_iPhone = "UIInterfaceOrientationPortrait UIInterfaceOrientationLandscapeLeft UIInterfaceOrientationLandscapeRight";
				IPHONEOS_DEPLOYMENT_TARGET = 18.6;
				LD_RUNPATH_SEARCH_PATHS = (
					"$(inherited)",
					"@executable_path/Frameworks",
				);
				MARKETING_VERSION = 1.0;
				PRODUCT_BUNDLE_IDENTIFIER = "online.swampios.ToDo-VIPER";
				PRODUCT_NAME = "$(TARGET_NAME)";
				STRING_CATALOG_GENERATE_SYMBOLS = YES;
				SUPPORTED_PLATFORMS = "iphoneos iphonesimulator";
				SUPPORTS_MACCATALYST = NO;
				SUPPORTS_MAC_DESIGNED_FOR_IPHONE_IPAD = NO;
				SUPPORTS_XR_DESIGNED_FOR_IPHONE_IPAD = NO;
				SWIFT_APPROACHABLE_CONCURRENCY = YES;
				SWIFT_DEFAULT_ACTOR_ISOLATION = MainActor;
				SWIFT_EMIT_LOC_STRINGS = YES;
				SWIFT_UPCOMING_FEATURE_MEMBER_IMPORT_VISIBILITY = YES;
				SWIFT_VERSION = 5.0;
				TARGETED_DEVICE_FAMILY = 1;
			};
			name = Release;
		};
		C2999FFA2E8D0AAD005BA310 /* Debug */ = {
			isa = XCBuildConfiguration;
			buildSettings = {
				BUNDLE_LOADER = "$(TEST_HOST)";
				CODE_SIGN_STYLE = Automatic;
				CURRENT_PROJECT_VERSION = 1;
				DEVELOPMENT_TEAM = C3M56A453W;
				GENERATE_INFOPLIST_FILE = YES;
				IPHONEOS_DEPLOYMENT_TARGET = 26.0;
				MARKETING_VERSION = 1.0;
				PRODUCT_BUNDLE_IDENTIFIER = "online.swampios.ToDo-VIPERTests";
				PRODUCT_NAME = "$(TARGET_NAME)";
				STRING_CATALOG_GENERATE_SYMBOLS = NO;
				SWIFT_APPROACHABLE_CONCURRENCY = YES;
				SWIFT_EMIT_LOC_STRINGS = NO;
				SWIFT_UPCOMING_FEATURE_MEMBER_IMPORT_VISIBILITY = YES;
				SWIFT_VERSION = 5.0;
				TARGETED_DEVICE_FAMILY = "1,2";
				TEST_HOST = "$(BUILT_PRODUCTS_DIR)/ToDo_VIPER.app/$(BUNDLE_EXECUTABLE_FOLDER_PATH)/ToDo_VIPER";
			};
			name = Debug;
		};
		C2999FFB2E8D0AAD005BA310 /* Release */ = {
			isa = XCBuildConfiguration;
			buildSettings = {
				BUNDLE_LOADER = "$(TEST_HOST)";
				CODE_SIGN_STYLE = Automatic;
				CURRENT_PROJECT_VERSION = 1;
				DEVELOPMENT_TEAM = C3M56A453W;
				GENERATE_INFOPLIST_FILE = YES;
				IPHONEOS_DEPLOYMENT_TARGET = 26.0;
				MARKETING_VERSION = 1.0;
				PRODUCT_BUNDLE_IDENTIFIER = "online.swampios.ToDo-VIPERTests";
				PRODUCT_NAME = "$(TARGET_NAME)";
				STRING_CATALOG_GENERATE_SYMBOLS = NO;
				SWIFT_APPROACHABLE_CONCURRENCY = YES;
				SWIFT_EMIT_LOC_STRINGS = NO;
				SWIFT_UPCOMING_FEATURE_MEMBER_IMPORT_VISIBILITY = YES;
				SWIFT_VERSION = 5.0;
				TARGETED_DEVICE_FAMILY = "1,2";
				TEST_HOST = "$(BUILT_PRODUCTS_DIR)/ToDo_VIPER.app/$(BUNDLE_EXECUTABLE_FOLDER_PATH)/ToDo_VIPER";
			};
			name = Release;
		};
		C2999FFD2E8D0AAD005BA310 /* Debug */ = {
			isa = XCBuildConfiguration;
			buildSettings = {
				CODE_SIGN_STYLE = Automatic;
				CURRENT_PROJECT_VERSION = 1;
				DEVELOPMENT_TEAM = C3M56A453W;
				GENERATE_INFOPLIST_FILE = YES;
				MARKETING_VERSION = 1.0;
				PRODUCT_BUNDLE_IDENTIFIER = "online.swampios.ToDo-VIPERUITests";
				PRODUCT_NAME = "$(TARGET_NAME)";
				STRING_CATALOG_GENERATE_SYMBOLS = NO;
				SWIFT_APPROACHABLE_CONCURRENCY = YES;
				SWIFT_EMIT_LOC_STRINGS = NO;
				SWIFT_UPCOMING_FEATURE_MEMBER_IMPORT_VISIBILITY = YES;
				SWIFT_VERSION = 5.0;
				TARGETED_DEVICE_FAMILY = "1,2";
				TEST_TARGET_NAME = ToDo_VIPER;
			};
			name = Debug;
		};
		C2999FFE2E8D0AAD005BA310 /* Release */ = {
			isa = XCBuildConfiguration;
			buildSettings = {
				CODE_SIGN_STYLE = Automatic;
				CURRENT_PROJECT_VERSION = 1;
				DEVELOPMENT_TEAM = C3M56A453W;
				GENERATE_INFOPLIST_FILE = YES;
				MARKETING_VERSION = 1.0;
				PRODUCT_BUNDLE_IDENTIFIER = "online.swampios.ToDo-VIPERUITests";
				PRODUCT_NAME = "$(TARGET_NAME)";
				STRING_CATALOG_GENERATE_SYMBOLS = NO;
				SWIFT_APPROACHABLE_CONCURRENCY = YES;
				SWIFT_EMIT_LOC_STRINGS = NO;
				SWIFT_UPCOMING_FEATURE_MEMBER_IMPORT_VISIBILITY = YES;
				SWIFT_VERSION = 5.0;
				TARGETED_DEVICE_FAMILY = "1,2";
				TEST_TARGET_NAME = ToDo_VIPER;
			};
			name = Release;
		};
/* End XCBuildConfiguration section */

/* Begin XCConfigurationList section */
		C2999FD02E8D0AA8005BA310 /* Build configuration list for PBXProject "ToDo_VIPER" */ = {
			isa = XCConfigurationList;
			buildConfigurations = (
				C2999FF42E8D0AAD005BA310 /* Debug */,
				C2999FF52E8D0AAD005BA310 /* Release */,
			);
			defaultConfigurationIsVisible = 0;
			defaultConfigurationName = Release;
		};
		C2999FF62E8D0AAD005BA310 /* Build configuration list for PBXNativeTarget "ToDo_VIPER" */ = {
			isa = XCConfigurationList;
			buildConfigurations = (
				C2999FF72E8D0AAD005BA310 /* Debug */,
				C2999FF82E8D0AAD005BA310 /* Release */,
			);
			defaultConfigurationIsVisible = 0;
			defaultConfigurationName = Release;
		};
		C2999FF92E8D0AAD005BA310 /* Build configuration list for PBXNativeTarget "ToDo_VIPERTests" */ = {
			isa = XCConfigurationList;
			buildConfigurations = (
				C2999FFA2E8D0AAD005BA310 /* Debug */,
				C2999FFB2E8D0AAD005BA310 /* Release */,
			);
			defaultConfigurationIsVisible = 0;
			defaultConfigurationName = Release;
		};
		C2999FFC2E8D0AAD005BA310 /* Build configuration list for PBXNativeTarget "ToDo_VIPERUITests" */ = {
			isa = XCConfigurationList;
			buildConfigurations = (
				C2999FFD2E8D0AAD005BA310 /* Debug */,
				C2999FFE2E8D0AAD005BA310 /* Release */,
			);
			defaultConfigurationIsVisible = 0;
			defaultConfigurationName = Release;
		};
/* End XCConfigurationList section */
	};
	rootObject = C2999FCD2E8D0AA8005BA310 /* Project object */;
}
